
Microsoft Visual Studio Solution File, Format Version 12.00
# Visual Studio Version 17
VisualStudioVersion = 17.0.31903.59
MinimumVisualStudioVersion = 10.0.40219.1
Project("{2150E333-8FDC-42A3-9474-1A3956D46DE8}") = "src", "src", "{827E0CD3-B72D-47B6-A68D-7590B98EB39B}"
EndProject
Project("{FAE04EC0-301F-11D3-BF4B-00C04F79EFBC}") = "TopMonitor.App", "src\TopMonitor.App\TopMonitor.App.csproj", "{0D786F2F-4BA6-4A9C-AD9B-67D655DE3476}"
EndProject
Project("{FAE04EC0-301F-11D3-BF4B-00C04F79EFBC}") = "TopMonitor.Application", "src\TopMonitor.Application\TopMonitor.Application.csproj", "{54401249-BE2A-44DD-9FF8-2167D626858B}"
EndProject
Project("{FAE04EC0-301F-11D3-BF4B-00C04F79EFBC}") = "TopMonitor.Domain", "src\TopMonitor.Domain\TopMonitor.Domain.csproj", "{AA8967F5-282B-4F8E-9DBF-B81D74B06268}"
EndProject
Project("{FAE04EC0-301F-11D3-BF4B-00C04F79EFBC}") = "TopMonitor.Infrastructure", "src\TopMonitor.Infrastructure\TopMonitor.Infrastructure.csproj", "{D194DE8E-B6A3-42A7-820A-79DC98A5259E}"
EndProject
Project("{2150E333-8FDC-42A3-9474-1A3956D46DE8}") = "tests", "tests", "{0AB3BF05-4346-4AA6-1389-037BE0695223}"
EndProject
Project("{FAE04EC0-301F-11D3-BF4B-00C04F79EFBC}") = "TopMonitor.Domain.Tests", "tests\TopMonitor.Domain.Tests\TopMonitor.Domain.Tests.csproj", "{05DC732F-F061-47AA-A752-89026C250299}"
EndProject
Project("{FAE04EC0-301F-11D3-BF4B-00C04F79EFBC}") = "TopMonitor.Application.Tests", "tests\TopMonitor.Application.Tests\TopMonitor.Application.Tests.csproj", "{74BD3C4D-2099-4354-A7E5-8682CC5EC899}"
EndProject
Global
	GlobalSection(SolutionConfigurationPlatforms) = preSolution
		Debug|Any CPU = Debug|Any CPU
		Debug|x64 = Debug|x64
		Debug|x86 = Debug|x86
		Release|Any CPU = Release|Any CPU
		Release|x64 = Release|x64
		Release|x86 = Release|x86
	EndGlobalSection
	GlobalSection(ProjectConfigurationPlatforms) = postSolution
		{0D786F2F-4BA6-4A9C-AD9B-67D655DE3476}.Debug|Any CPU.ActiveCfg = Debug|Any CPU
		{0D786F2F-4BA6-4A9C-AD9B-67D655DE3476}.Debug|Any CPU.Build.0 = Debug|Any CPU
		{0D786F2F-4BA6-4A9C-AD9B-67D655DE3476}.Debug|x64.ActiveCfg = Debug|Any CPU
		{0D786F2F-4BA6-4A9C-AD9B-67D655DE3476}.Debug|x64.Build.0 = Debug|Any CPU
		{0D786F2F-4BA6-4A9C-AD9B-67D655DE3476}.Debug|x86.ActiveCfg = Debug|Any CPU
		{0D786F2F-4BA6-4A9C-AD9B-67D655DE3476}.Debug|x86.Build.0 = Debug|Any CPU
		{0D786F2F-4BA6-4A9C-AD9B-67D655DE3476}.Release|Any CPU.ActiveCfg = Release|Any CPU
		{0D786F2F-4BA6-4A9C-AD9B-67D655DE3476}.Release|Any CPU.Build.0 = Release|Any CPU
		{0D786F2F-4BA6-4A9C-AD9B-67D655DE3476}.Release|x64.ActiveCfg = Release|Any CPU
		{0D786F2F-4BA6-4A9C-AD9B-67D655DE3476}.Release|x64.Build.0 = Release|Any CPU
		{0D786F2F-4BA6-4A9C-AD9B-67D655DE3476}.Release|x86.ActiveCfg = Release|Any CPU
		{0D786F2F-4BA6-4A9C-AD9B-67D655DE3476}.Release|x86.Build.0 = Release|Any CPU
		{54401249-BE2A-44DD-9FF8-2167D626858B}.Debug|Any CPU.ActiveCfg = Debug|Any CPU
		{54401249-BE2A-44DD-9FF8-2167D626858B}.Debug|Any CPU.Build.0 = Debug|Any CPU
		{54401249-BE2A-44DD-9FF8-2167D626858B}.Debug|x64.ActiveCfg = Debug|Any CPU
		{54401249-BE2A-44DD-9FF8-2167D626858B}.Debug|x64.Build.0 = Debug|Any CPU
		{54401249-BE2A-44DD-9FF8-2167D626858B}.Debug|x86.ActiveCfg = Debug|Any CPU
		{54401249-BE2A-44DD-9FF8-2167D626858B}.Debug|x86.Build.0 = Debug|Any CPU
		{54401249-BE2A-44DD-9FF8-2167D626858B}.Release|Any CPU.ActiveCfg = Release|Any CPU
		{54401249-BE2A-44DD-9FF8-2167D626858B}.Release|Any CPU.Build.0 = Release|Any CPU
		{54401249-BE2A-44DD-9FF8-2167D626858B}.Release|x64.ActiveCfg = Release|Any CPU
		{54401249-BE2A-44DD-9FF8-2167D626858B}.Release|x64.Build.0 = Release|Any CPU
		{54401249-BE2A-44DD-9FF8-2167D626858B}.Release|x86.ActiveCfg = Release|Any CPU
		{54401249-BE2A-44DD-9FF8-2167D626858B}.Release|x86.Build.0 = Release|Any CPU
		{AA8967F5-282B-4F8E-9DBF-B81D74B06268}.Debug|Any CPU.ActiveCfg = Debug|Any CPU
		{AA8967F5-282B-4F8E-9DBF-B81D74B06268}.Debug|Any CPU.Build.0 = Debug|Any CPU
		{AA8967F5-282B-4F8E-9DBF-B81D74B06268}.Debug|x64.ActiveCfg = Debug|Any CPU
		{AA8967F5-282B-4F8E-9DBF-B81D74B06268}.Debug|x64.Build.0 = Debug|Any CPU
		{AA8967F5-282B-4F8E-9DBF-B81D74B06268}.Debug|x86.ActiveCfg = Debug|Any CPU
		{AA8967F5-282B-4F8E-9DBF-B81D74B06268}.Debug|x86.Build.0 = Debug|Any CPU
		{AA8967F5-282B-4F8E-9DBF-B81D74B06268}.Release|Any CPU.ActiveCfg = Release|Any CPU
		{AA8967F5-282B-4F8E-9DBF-B81D74B06268}.Release|Any CPU.Build.0 = Release|Any CPU
		{AA8967F5-282B-4F8E-9DBF-B81D74B06268}.Release|x64.ActiveCfg = Release|Any CPU
		{AA8967F5-282B-4F8E-9DBF-B81D74B06268}.Release|x64.Build.0 = Release|Any CPU
		{AA8967F5-282B-4F8E-9DBF-B81D74B06268}.Release|x86.ActiveCfg = Release|Any CPU
		{AA8967F5-282B-4F8E-9DBF-B81D74B06268}.Release|x86.Build.0 = Release|Any CPU
		{D194DE8E-B6A3-42A7-820A-79DC98A5259E}.Debug|Any CPU.ActiveCfg = Debug|Any CPU
		{D194DE8E-B6A3-42A7-820A-79DC98A5259E}.Debug|Any CPU.Build.0 = Debug|Any CPU
		{D194DE8E-B6A3-42A7-820A-79DC98A5259E}.Debug|x64.ActiveCfg = Debug|Any CPU
		{D194DE8E-B6A3-42A7-820A-79DC98A5259E}.Debug|x64.Build.0 = Debug|Any CPU
		{D194DE8E-B6A3-42A7-820A-79DC98A5259E}.Debug|x86.ActiveCfg = Debug|Any CPU
		{D194DE8E-B6A3-42A7-820A-79DC98A5259E}.Debug|x86.Build.0 = Debug|Any CPU
		{D194DE8E-B6A3-42A7-820A-79DC98A5259E}.Release|Any CPU.ActiveCfg = Release|Any CPU
		{D194DE8E-B6A3-42A7-820A-79DC98A5259E}.Release|Any CPU.Build.0 = Release|Any CPU
		{D194DE8E-B6A3-42A7-820A-79DC98A5259E}.Release|x64.ActiveCfg = Release|Any CPU
		{D194DE8E-B6A3-42A7-820A-79DC98A5259E}.Release|x64.Build.0 = Release|Any CPU
		{D194DE8E-B6A3-42A7-820A-79DC98A5259E}.Release|x86.ActiveCfg = Release|Any CPU
		{D194DE8E-B6A3-42A7-820A-79DC98A5259E}.Release|x86.Build.0 = Release|Any CPU
		{05DC732F-F061-47AA-A752-89026C250299}.Debug|Any CPU.ActiveCfg = Debug|Any CPU
		{05DC732F-F061-47AA-A752-89026C250299}.Debug|Any CPU.Build.0 = Debug|Any CPU
		{05DC732F-F061-47AA-A752-89026C250299}.Debug|x64.ActiveCfg = Debug|Any CPU
		{05DC732F-F061-47AA-A752-89026C250299}.Debug|x64.Build.0 = Debug|Any CPU
		{05DC732F-F061-47AA-A752-89026C250299}.Debug|x86.ActiveCfg = Debug|Any CPU
		{05DC732F-F061-47AA-A752-89026C250299}.Debug|x86.Build.0 = Debug|Any CPU
		{05DC732F-F061-47AA-A752-89026C250299}.Release|Any CPU.ActiveCfg = Release|Any CPU
		{05DC732F-F061-47AA-A752-89026C250299}.Release|Any CPU.Build.0 = Release|Any CPU
		{05DC732F-F061-47AA-A752-89026C250299}.Release|x64.ActiveCfg = Release|Any CPU
		{05DC732F-F061-47AA-A752-89026C250299}.Release|x64.Build.0 = Release|Any CPU
		{05DC732F-F061-47AA-A752-89026C250299}.Release|x86.ActiveCfg = Release|Any CPU
		{05DC732F-F061-47AA-A752-89026C250299}.Release|x86.Build.0 = Release|Any CPU
		{74BD3C4D-2099-4354-A7E5-8682CC5EC899}.Debug|Any CPU.ActiveCfg = Debug|Any CPU
		{74BD3C4D-2099-4354-A7E5-8682CC5EC899}.Debug|Any CPU.Build.0 = Debug|Any CPU
		{74BD3C4D-2099-4354-A7E5-8682CC5EC899}.Debug|x64.ActiveCfg = Debug|Any CPU
		{74BD3C4D-2099-4354-A7E5-8682CC5EC899}.Debug|x64.Build.0 = Debug|Any CPU
		{74BD3C4D-2099-4354-A7E5-8682CC5EC899}.Debug|x86.ActiveCfg = Debug|Any CPU
		{74BD3C4D-2099-4354-A7E5-8682CC5EC899}.Debug|x86.Build.0 = Debug|Any CPU
		{74BD3C4D-2099-4354-A7E5-8682CC5EC899}.Release|Any CPU.ActiveCfg = Release|Any CPU
		{74BD3C4D-2099-4354-A7E5-8682CC5EC899}.Release|Any CPU.Build.0 = Release|Any CPU
		{74BD3C4D-2099-4354-A7E5-8682CC5EC899}.Release|x64.ActiveCfg = Release|Any CPU
		{74BD3C4D-2099-4354-A7E5-8682CC5EC899}.Release|x64.Build.0 = Release|Any CPU
		{74BD3C4D-2099-4354-A7E5-8682CC5EC899}.Release|x86.ActiveCfg = Release|Any CPU
		{74BD3C4D-2099-4354-A7E5-8682CC5EC899}.Release|x86.Build.0 = Release|Any CPU
	EndGlobalSection
	GlobalSection(SolutionProperties) = preSolution
		HideSolutionNode = FALSE
	EndGlobalSection
	GlobalSection(NestedProjects) = preSolution
		{0D786F2F-4BA6-4A9C-AD9B-67D655DE3476} = {827E0CD3-B72D-47B6-A68D-7590B98EB39B}
		{54401249-BE2A-44DD-9FF8-2167D626858B} = {827E0CD3-B72D-47B6-A68D-7590B98EB39B}
		{AA8967F5-282B-4F8E-9DBF-B81D74B06268} = {827E0CD3-B72D-47B6-A68D-7590B98EB39B}
		{D194DE8E-B6A3-42A7-820A-79DC98A5259E} = {827E0CD3-B72D-47B6-A68D-7590B98EB39B}
		{05DC732F-F061-47AA-A752-89026C250299} = {0AB3BF05-4346-4AA6-1389-037BE0695223}
		{74BD3C4D-2099-4354-A7E5-8682CC5EC899} = {0AB3BF05-4346-4AA6-1389-037BE0695223}
	EndGlobalSection
EndGlobal
